
Microsoft Visual Studio Solution File, Format Version 12.00
# Visual Studio 15
VisualStudioVersion = 15.0.27703.2000
MinimumVisualStudioVersion = 10.0.40219.1
Project("{FAE04EC0-301F-11D3-BF4B-00C04F79EFBC}") = "task1", "task1\task1.csproj", "{7DB841FA-5158-4852-9846-B92D4A5C8796}"
EndProject
Project("{FAE04EC0-301F-11D3-BF4B-00C04F79EFBC}") = "task2", "task2\task2.csproj", "{FE731436-C512-4AF3-8AD9-633EAE87BE8F}"
EndProject
Global
	GlobalSection(SolutionConfigurationPlatforms) = preSolution
		Debug|Any CPU = Debug|Any CPU
		Release|Any CPU = Release|Any CPU
	EndGlobalSection
	GlobalSection(ProjectConfigurationPlatforms) = postSolution
		{7DB841FA-5158-4852-9846-B92D4A5C8796}.Debug|Any CPU.ActiveCfg = Debug|Any CPU
		{7DB841FA-5158-4852-9846-B92D4A5C8796}.Debug|Any CPU.Build.0 = Debug|Any CPU
		{7DB841FA-5158-4852-9846-B92D4A5C8796}.Release|Any CPU.ActiveCfg = Release|Any CPU
		{7DB841FA-5158-4852-9846-B92D4A5C8796}.Release|Any CPU.Build.0 = Release|Any CPU
		{FE731436-C512-4AF3-8AD9-633EAE87BE8F}.Debug|Any CPU.ActiveCfg = Debug|Any CPU
		{FE731436-C512-4AF3-8AD9-633EAE87BE8F}.Debug|Any CPU.Build.0 = Debug|Any CPU
		{FE731436-C512-4AF3-8AD9-633EAE87BE8F}.Release|Any CPU.ActiveCfg = Release|Any CPU
		{FE731436-C512-4AF3-8AD9-633EAE87BE8F}.Release|Any CPU.Build.0 = Release|Any CPU
	EndGlobalSection
	GlobalSection(SolutionProperties) = preSolution
		HideSolutionNode = FALSE
	EndGlobalSection
	GlobalSection(ExtensibilityGlobals) = postSolution
		SolutionGuid = {4D48F946-FA27-4A8D-97CE-406BD7B28FA5}
	EndGlobalSection
EndGlobal
